// !$*UTF8*$!
{
	archiveVersion = 1;
	classes = {
	};
	objectVersion = 46;
	objects = {

/* Begin PBXBuildFile section */
		521C38401839DDAC0091D1CB /* SelfCell.xib in Resources */ = {isa = PBXBuildFile; fileRef = 521C383F1839DDAC0091D1CB /* SelfCell.xib */; };
		521C38431839DF690091D1CB /* SelfCell.m in Sources */ = {isa = PBXBuildFile; fileRef = 521C38421839DF690091D1CB /* SelfCell.m */; };
		5293637D1839D9C700811590 /* Foundation.framework in Frameworks */ = {isa = PBXBuildFile; fileRef = 5293637C1839D9C700811590 /* Foundation.framework */; };
		5293637F1839D9C700811590 /* CoreGraphics.framework in Frameworks */ = {isa = PBXBuildFile; fileRef = 5293637E1839D9C700811590 /* CoreGraphics.framework */; };
		529363811839D9C700811590 /* UIKit.framework in Frameworks */ = {isa = PBXBuildFile; fileRef = 529363801839D9C700811590 /* UIKit.framework */; };
		529363871839D9C700811590 /* InfoPlist.strings in Resources */ = {isa = PBXBuildFile; fileRef = 529363851839D9C700811590 /* InfoPlist.strings */; };
		529363891839D9C700811590 /* main.m in Sources */ = {isa = PBXBuildFile; fileRef = 529363881839D9C700811590 /* main.m */; };
		5293638D1839D9C700811590 /* AppDelegate.m in Sources */ = {isa = PBXBuildFile; fileRef = 5293638C1839D9C700811590 /* AppDelegate.m */; };
		529363901839D9C700811590 /* Main.storyboard in Resources */ = {isa = PBXBuildFile; fileRef = 5293638E1839D9C700811590 /* Main.storyboard */; };
		529363931839D9C700811590 /* ViewController.m in Sources */ = {isa = PBXBuildFile; fileRef = 529363921839D9C700811590 /* ViewController.m */; };
		529363951839D9C700811590 /* Images.xcassets in Resources */ = {isa = PBXBuildFile; fileRef = 529363941839D9C700811590 /* Images.xcassets */; };
		5293639C1839D9C800811590 /* XCTest.framework in Frameworks */ = {isa = PBXBuildFile; fileRef = 5293639B1839D9C800811590 /* XCTest.framework */; };
		5293639D1839D9C800811590 /* Foundation.framework in Frameworks */ = {isa = PBXBuildFile; fileRef = 5293637C1839D9C700811590 /* Foundation.framework */; };
		5293639E1839D9C800811590 /* UIKit.framework in Frameworks */ = {isa = PBXBuildFile; fileRef = 529363801839D9C700811590 /* UIKit.framework */; };
		529363A61839D9C800811590 /* InfoPlist.strings in Resources */ = {isa = PBXBuildFile; fileRef = 529363A41839D9C800811590 /* InfoPlist.strings */; };
		529363A81839D9C800811590 /* TableViewCustomTests.m in Sources */ = {isa = PBXBuildFile; fileRef = 529363A71839D9C800811590 /* TableViewCustomTests.m */; };
/* End PBXBuildFile section */

/* Begin PBXContainerItemProxy section */
		5293639F1839D9C800811590 /* PBXContainerItemProxy */ = {
			isa = PBXContainerItemProxy;
			containerPortal = 529363711839D9C700811590 /* Project object */;
			proxyType = 1;
			remoteGlobalIDString = 529363781839D9C700811590;
			remoteInfo = TableViewCustom;
		};
/* End PBXContainerItemProxy section */

/* Begin PBXFileReference section */
		521C383F1839DDAC0091D1CB /* SelfCell.xib */ = {isa = PBXFileReference; fileEncoding = 4; lastKnownFileType = file.xib; name = SelfCell.xib; path = ../SelfCell.xib; sourceTree = "<group>"; };
		521C38411839DF690091D1CB /* SelfCell.h */ = {isa = PBXFileReference; fileEncoding = 4; lastKnownFileType = sourcecode.c.h; path = SelfCell.h; sourceTree = "<group>"; };
		521C38421839DF690091D1CB /* SelfCell.m */ = {isa = PBXFileReference; fileEncoding = 4; lastKnownFileType = sourcecode.c.objc; path = SelfCell.m; sourceTree = "<group>"; };
		529363791839D9C700811590 /* TableViewCustom.app */ = {isa = PBXFileReference; explicitFileType = wrapper.application; includeInIndex = 0; path = TableViewCustom.app; sourceTree = BUILT_PRODUCTS_DIR; };
		5293637C1839D9C700811590 /* Foundation.framework */ = {isa = PBXFileReference; lastKnownFileType = wrapper.framework; name = Foundation.framework; path = System/Library/Frameworks/Foundation.framework; sourceTree = SDKROOT; };
		5293637E1839D9C700811590 /* CoreGraphics.framework */ = {isa = PBXFileReference; lastKnownFileType = wrapper.framework; name = CoreGraphics.framework; path = System/Library/Frameworks/CoreGraphics.framework; sourceTree = SDKROOT; };
		529363801839D9C700811590 /* UIKit.framework */ = {isa = PBXFileReference; lastKnownFileType = wrapper.framework; name = UIKit.framework; path = System/Library/Frameworks/UIKit.framework; sourceTree = SDKROOT; };
		529363841839D9C700811590 /* TableViewCustom-Info.plist */ = {isa = PBXFileReference; lastKnownFileType = text.plist.xml; path = "TableViewCustom-Info.plist"; sourceTree = "<group>"; };
		529363861839D9C700811590 /* en */ = {isa = PBXFileReference; lastKnownFileType = text.plist.strings; name = en; path = en.lproj/InfoPlist.strings; sourceTree = "<group>"; };
		529363881839D9C700811590 /* main.m */ = {isa = PBXFileReference; lastKnownFileType = sourcecode.c.objc; path = main.m; sourceTree = "<group>"; };
		5293638A1839D9C700811590 /* TableViewCustom-Prefix.pch */ = {isa = PBXFileReference; lastKnownFileType = sourcecode.c.h; path = "TableViewCustom-Prefix.pch"; sourceTree = "<group>"; };
		5293638B1839D9C700811590 /* AppDelegate.h */ = {isa = PBXFileReference; lastKnownFileType = sourcecode.c.h; path = AppDelegate.h; sourceTree = "<group>"; };
		5293638C1839D9C700811590 /* AppDelegate.m */ = {isa = PBXFileReference; lastKnownFileType = sourcecode.c.objc; path = AppDelegate.m; sourceTree = "<group>"; };
		5293638F1839D9C700811590 /* Base */ = {isa = PBXFileReference; lastKnownFileType = file.storyboard; name = Base; path = Base.lproj/Main.storyboard; sourceTree = "<group>"; };
		529363911839D9C700811590 /* ViewController.h */ = {isa = PBXFileReference; lastKnownFileType = sourcecode.c.h; path = ViewController.h; sourceTree = "<group>"; };
		529363921839D9C700811590 /* ViewController.m */ = {isa = PBXFileReference; lastKnownFileType = sourcecode.c.objc; path = ViewController.m; sourceTree = "<group>"; };
		529363941839D9C700811590 /* Images.xcassets */ = {isa = PBXFileReference; lastKnownFileType = folder.assetcatalog; path = Images.xcassets; sourceTree = "<group>"; };
		5293639A1839D9C800811590 /* TableViewCustomTests.xctest */ = {isa = PBXFileReference; explicitFileType = wrapper.cfbundle; includeInIndex = 0; path = TableViewCustomTests.xctest; sourceTree = BUILT_PRODUCTS_DIR; };
		5293639B1839D9C800811590 /* XCTest.framework */ = {isa = PBXFileReference; lastKnownFileType = wrapper.framework; name = XCTest.framework; path = Library/Frameworks/XCTest.framework; sourceTree = DEVELOPER_DIR; };
		529363A31839D9C800811590 /* TableViewCustomTests-Info.plist */ = {isa = PBXFileReference; lastKnownFileType = text.plist.xml; path = "TableViewCustomTests-Info.plist"; sourceTree = "<group>"; };
		529363A51839D9C800811590 /* en */ = {isa = PBXFileReference; lastKnownFileType = text.plist.strings; name = en; path = en.lproj/InfoPlist.strings; sourceTree = "<group>"; };
		529363A71839D9C800811590 /* TableViewCustomTests.m */ = {isa = PBXFileReference; lastKnownFileType = sourcecode.c.objc; path = TableViewCustomTests.m; sourceTree = "<group>"; };
/* End PBXFileReference section */

/* Begin PBXFrameworksBuildPhase section */
		529363761839D9C700811590 /* Frameworks */ = {
			isa = PBXFrameworksBuildPhase;
			buildActionMask = 2147483647;
			files = (
				5293637F1839D9C700811590 /* CoreGraphics.framework in Frameworks */,
				529363811839D9C700811590 /* UIKit.framework in Frameworks */,
				5293637D1839D9C700811590 /* Foundation.framework in Frameworks */,
			);
			runOnlyForDeploymentPostprocessing = 0;
		};
		529363971839D9C800811590 /* Frameworks */ = {
			isa = PBXFrameworksBuildPhase;
			buildActionMask = 2147483647;
			files = (
				5293639C1839D9C800811590 /* XCTest.framework in Frameworks */,
				5293639E1839D9C800811590 /* UIKit.framework in Frameworks */,
				5293639D1839D9C800811590 /* Foundation.framework in Frameworks */,
			);
			runOnlyForDeploymentPostprocessing = 0;
		};
/* End PBXFrameworksBuildPhase section */

/* Begin PBXGroup section */
		529363701839D9C700811590 = {
			isa = PBXGroup;
			children = (
				529363821839D9C700811590 /* TableViewCustom */,
				529363A11839D9C800811590 /* TableViewCustomTests */,
				5293637B1839D9C700811590 /* Frameworks */,
				5293637A1839D9C700811590 /* Products */,
			);
			sourceTree = "<group>";
		};
		5293637A1839D9C700811590 /* Products */ = {
			isa = PBXGroup;
			children = (
				529363791839D9C700811590 /* TableViewCustom.app */,
				5293639A1839D9C800811590 /* TableViewCustomTests.xctest */,
			);
			name = Products;
			sourceTree = "<group>";
		};
		5293637B1839D9C700811590 /* Frameworks */ = {
			isa = PBXGroup;
			children = (
				5293637C1839D9C700811590 /* Foundation.framework */,
				5293637E1839D9C700811590 /* CoreGraphics.framework */,
				529363801839D9C700811590 /* UIKit.framework */,
				5293639B1839D9C800811590 /* XCTest.framework */,
			);
			name = Frameworks;
			sourceTree = "<group>";
		};
		529363821839D9C700811590 /* TableViewCustom */ = {
			isa = PBXGroup;
			children = (
				5293638B1839D9C700811590 /* AppDelegate.h */,
				5293638C1839D9C700811590 /* AppDelegate.m */,
				5293638E1839D9C700811590 /* Main.storyboard */,
				529363911839D9C700811590 /* ViewController.h */,
				529363921839D9C700811590 /* ViewController.m */,
				529363941839D9C700811590 /* Images.xcassets */,
				529363831839D9C700811590 /* Supporting Files */,
				521C38411839DF690091D1CB /* SelfCell.h */,
				521C38421839DF690091D1CB /* SelfCell.m */,
				521C383F1839DDAC0091D1CB /* SelfCell.xib */,
			);
			path = TableViewCustom;
			sourceTree = "<group>";
		};
		529363831839D9C700811590 /* Supporting Files */ = {
			isa = PBXGroup;
			children = (
				529363841839D9C700811590 /* TableViewCustom-Info.plist */,
				529363851839D9C700811590 /* InfoPlist.strings */,
				529363881839D9C700811590 /* main.m */,
				5293638A1839D9C700811590 /* TableViewCustom-Prefix.pch */,
			);
			name = "Supporting Files";
			sourceTree = "<group>";
		};
		529363A11839D9C800811590 /* TableViewCustomTests */ = {
			isa = PBXGroup;
			children = (
				529363A71839D9C800811590 /* TableViewCustomTests.m */,
				529363A21839D9C800811590 /* Supporting Files */,
			);
			path = TableViewCustomTests;
			sourceTree = "<group>";
		};
		529363A21839D9C800811590 /* Supporting Files */ = {
			isa = PBXGroup;
			children = (
				529363A31839D9C800811590 /* TableViewCustomTests-Info.plist */,
				529363A41839D9C800811590 /* InfoPlist.strings */,
			);
			name = "Supporting Files";
			sourceTree = "<group>";
		};
/* End PBXGroup section */

/* Begin PBXNativeTarget section */
		529363781839D9C700811590 /* TableViewCustom */ = {
			isa = PBXNativeTarget;
			buildConfigurationList = 529363AB1839D9C800811590 /* Build configuration list for PBXNativeTarget "TableViewCustom" */;
			buildPhases = (
				529363751839D9C700811590 /* Sources */,
				529363761839D9C700811590 /* Frameworks */,
				529363771839D9C700811590 /* Resources */,
			);
			buildRules = (
			);
			dependencies = (
			);
			name = TableViewCustom;
			productName = TableViewCustom;
			productReference = 529363791839D9C700811590 /* TableViewCustom.app */;
			productType = "com.apple.product-type.application";
		};
		529363991839D9C800811590 /* TableViewCustomTests */ = {
			isa = PBXNativeTarget;
			buildConfigurationList = 529363AE1839D9C800811590 /* Build configuration list for PBXNativeTarget "TableViewCustomTests" */;
			buildPhases = (
				529363961839D9C800811590 /* Sources */,
				529363971839D9C800811590 /* Frameworks */,
				529363981839D9C800811590 /* Resources */,
			);
			buildRules = (
			);
			dependencies = (
				529363A01839D9C800811590 /* PBXTargetDependency */,
			);
			name = TableViewCustomTests;
			productName = TableViewCustomTests;
			productReference = 5293639A1839D9C800811590 /* TableViewCustomTests.xctest */;
			productType = "com.apple.product-type.bundle.unit-test";
		};
/* End PBXNativeTarget section */

/* Begin PBXProject section */
		529363711839D9C700811590 /* Project object */ = {
			isa = PBXProject;
			attributes = {
				LastUpgradeCheck = 0500;
				ORGANIZATIONNAME = "chan john";
				TargetAttributes = {
					529363991839D9C800811590 = {
						TestTargetID = 529363781839D9C700811590;
					};
				};
			};
			buildConfigurationList = 529363741839D9C700811590 /* Build configuration list for PBXProject "TableViewCustom" */;
			compatibilityVersion = "Xcode 3.2";
			developmentRegion = English;
			hasScannedForEncodings = 0;
			knownRegions = (
				en,
				Base,
			);
			mainGroup = 529363701839D9C700811590;
			productRefGroup = 5293637A1839D9C700811590 /* Products */;
			projectDirPath = "";
			projectRoot = "";
			targets = (
				529363781839D9C700811590 /* TableViewCustom */,
				529363991839D9C800811590 /* TableViewCustomTests */,
			);
		};
/* End PBXProject section */

/* Begin PBXResourcesBuildPhase section */
		529363771839D9C700811590 /* Resources */ = {
			isa = PBXResourcesBuildPhase;
			buildActionMask = 2147483647;
			files = (
				529363951839D9C700811590 /* Images.xcassets in Resources */,
				529363871839D9C700811590 /* InfoPlist.strings in Resources */,
				529363901839D9C700811590 /* Main.storyboard in Resources */,
				521C38401839DDAC0091D1CB /* SelfCell.xib in Resources */,
			);
			runOnlyForDeploymentPostprocessing = 0;
		};
		529363981839D9C800811590 /* Resources */ = {
			isa = PBXResourcesBuildPhase;
			buildActionMask = 2147483647;
			files = (
				529363A61839D9C800811590 /* InfoPlist.strings in Resources */,
			);
			runOnlyForDeploymentPostprocessing = 0;
		};
/* End PBXResourcesBuildPhase section */

/* Begin PBXSourcesBuildPhase section */
		529363751839D9C700811590 /* Sources */ = {
			isa = PBXSourcesBuildPhase;
			buildActionMask = 2147483647;
			files = (
				529363931839D9C700811590 /* ViewController.m in Sources */,
				5293638D1839D9C700811590 /* AppDelegate.m in Sources */,
				529363891839D9C700811590 /* main.m in Sources */,
				521C38431839DF690091D1CB /* SelfCell.m in Sources */,
			);
			runOnlyForDeploymentPostprocessing = 0;
		};
		529363961839D9C800811590 /* Sources */ = {
			isa = PBXSourcesBuildPhase;
			buildActionMask = 2147483647;
			files = (
				529363A81839D9C800811590 /* TableViewCustomTests.m in Sources */,
			);
			runOnlyForDeploymentPostprocessing = 0;
		};
/* End PBXSourcesBuildPhase section */

/* Begin PBXTargetDependency section */
		529363A01839D9C800811590 /* PBXTargetDependency */ = {
			isa = PBXTargetDependency;
			target = 529363781839D9C700811590 /* TableViewCustom */;
			targetProxy = 5293639F1839D9C800811590 /* PBXContainerItemProxy */;
		};
/* End PBXTargetDependency section */

/* Begin PBXVariantGroup section */
		529363851839D9C700811590 /* InfoPlist.strings */ = {
			isa = PBXVariantGroup;
			children = (
				529363861839D9C700811590 /* en */,
			);
			name = InfoPlist.strings;
			sourceTree = "<group>";
		};
		5293638E1839D9C700811590 /* Main.storyboard */ = {
			isa = PBXVariantGroup;
			children = (
				5293638F1839D9C700811590 /* Base */,
			);
			name = Main.storyboard;
			sourceTree = "<group>";
		};
		529363A41839D9C800811590 /* InfoPlist.strings */ = {
			isa = PBXVariantGroup;
			children = (
				529363A51839D9C800811590 /* en */,
			);
			name = InfoPlist.strings;
			sourceTree = "<group>";
		};
/* End PBXVariantGroup section */

/* Begin XCBuildConfiguration section */
		529363A91839D9C800811590 /* Debug */ = {
			isa = XCBuildConfiguration;
			buildSettings = {
				ALWAYS_SEARCH_USER_PATHS = NO;
				ARCHS = "$(ARCHS_STANDARD_INCLUDING_64_BIT)";
				CLANG_CXX_LANGUAGE_STANDARD = "gnu++0x";
				CLANG_CXX_LIBRARY = "libc++";
				CLANG_ENABLE_MODULES = YES;
				CLANG_ENABLE_OBJC_ARC = YES;
				CLANG_WARN_BOOL_CONVERSION = YES;
				CLANG_WARN_CONSTANT_CONVERSION = YES;
				CLANG_WARN_DIRECT_OBJC_ISA_USAGE = YES_ERROR;
				CLANG_WARN_EMPTY_BODY = YES;
				CLANG_WARN_ENUM_CONVERSION = YES;
				CLANG_WARN_INT_CONVERSION = YES;
				CLANG_WARN_OBJC_ROOT_CLASS = YES_ERROR;
				CLANG_WARN__DUPLICATE_METHOD_MATCH = YES;
				"CODE_SIGN_IDENTITY[sdk=iphoneos*]" = "iPhone Developer";
				COPY_PHASE_STRIP = NO;
				GCC_C_LANGUAGE_STANDARD = gnu99;
				GCC_DYNAMIC_NO_PIC = NO;
				GCC_OPTIMIZATION_LEVEL = 0;
				GCC_PREPROCESSOR_DEFINITIONS = (
					"DEBUG=1",
					"$(inherited)",
				);
				GCC_SYMBOLS_PRIVATE_EXTERN = NO;
				GCC_WARN_64_TO_32_BIT_CONVERSION = YES;
				GCC_WARN_ABOUT_RETURN_TYPE = YES_ERROR;
				GCC_WARN_UNDECLARED_SELECTOR = YES;
				GCC_WARN_UNINITIALIZED_AUTOS = YES;
				GCC_WARN_UNUSED_FUNCTION = YES;
				GCC_WARN_UNUSED_VARIABLE = YES;
				IPHONEOS_DEPLOYMENT_TARGET = 7.0;
				ONLY_ACTIVE_ARCH = YES;
				SDKROOT = iphoneos;
			};
			name = Debug;
		};
		529363AA1839D9C800811590 /* Release */ = {
			isa = XCBuildConfiguration;
			buildSettings = {
				ALWAYS_SEARCH_USER_PATHS = NO;
				ARCHS = "$(ARCHS_STANDARD_INCLUDING_64_BIT)";
				CLANG_CXX_LANGUAGE_STANDARD = "gnu++0x";
				CLANG_CXX_LIBRARY = "libc++";
				CLANG_ENABLE_MODULES = YES;
				CLANG_ENABLE_OBJC_ARC = YES;
				CLANG_WARN_BOOL_CONVERSION = YES;
				CLANG_WARN_CONSTANT_CONVERSION = YES;
				CLANG_WARN_DIRECT_OBJC_ISA_USAGE = YES_ERROR;
				CLANG_WARN_EMPTY_BODY = YES;
				CLANG_WARN_ENUM_CONVERSION = YES;
				CLANG_WARN_INT_CONVERSION = YES;
				CLANG_WARN_OBJC_ROOT_CLASS = YES_ERROR;
				CLANG_WARN__DUPLICATE_METHOD_MATCH = YES;
				"CODE_SIGN_IDENTITY[sdk=iphoneos*]" = "iPhone Developer";
				COPY_PHASE_STRIP = YES;
				ENABLE_NS_ASSERTIONS = NO;
				GCC_C_LANGUAGE_STANDARD = gnu99;
				GCC_WARN_64_TO_32_BIT_CONVERSION = YES;
				GCC_WARN_ABOUT_RETURN_TYPE = YES_ERROR;
				GCC_WARN_UNDECLARED_SELECTOR = YES;
				GCC_WARN_UNINITIALIZED_AUTOS = YES;
				GCC_WARN_UNUSED_FUNCTION = YES;
				GCC_WARN_UNUSED_VARIABLE = YES;
				IPHONEOS_DEPLOYMENT_TARGET = 7.0;
				SDKROOT = iphoneos;
				VALIDATE_PRODUCT = YES;
			};
			name = Release;
		};
		529363AC1839D9C800811590 /* Debug */ = {
			isa = XCBuildConfiguration;
			buildSettings = {
				ASSETCATALOG_COMPILER_APPICON_NAME = AppIcon;
				ASSETCATALOG_COMPILER_LAUNCHIMAGE_NAME = LaunchImage;
				GCC_PRECOMPILE_PREFIX_HEADER = YES;
				GCC_PREFIX_HEADER = "TableViewCustom/TableViewCustom-Prefix.pch";
				INFOPLIST_FILE = "TableViewCustom/TableViewCustom-Info.plist";
				IPHONEOS_DEPLOYMENT_TARGET = 6.0;
				PRODUCT_NAME = "$(TARGET_NAME)";
				WRAPPER_EXTENSION = app;
			};
			name = Debug;
		};
		529363AD1839D9C800811590 /* Release */ = {
			isa = XCBuildConfiguration;
			buildSettings = {
				ASSETCATALOG_COMPILER_APPICON_NAME = AppIcon;
				ASSETCATALOG_COMPILER_LAUNCHIMAGE_NAME = LaunchImage;
				GCC_PRECOMPILE_PREFIX_HEADER = YES;
				GCC_PREFIX_HEADER = "TableViewCustom/TableViewCustom-Prefix.pch";
				INFOPLIST_FILE = "TableViewCustom/TableViewCustom-Info.plist";
				IPHONEOS_DEPLOYMENT_TARGET = 6.0;
				PRODUCT_NAME = "$(TARGET_NAME)";
				WRAPPER_EXTENSION = app;
			};
			name = Release;
		};
		529363AF1839D9C800811590 /* Debug */ = {
			isa = XCBuildConfiguration;
			buildSettings = {
				ARCHS = "$(ARCHS_STANDARD_INCLUDING_64_BIT)";
				BUNDLE_LOADER = "$(BUILT_PRODUCTS_DIR)/TableViewCustom.app/TableViewCustom";
				FRAMEWORK_SEARCH_PATHS = (
					"$(SDKROOT)/Developer/Library/Frameworks",
					"$(inherited)",
					"$(DEVELOPER_FRAMEWORKS_DIR)",
				);
				GCC_PRECOMPILE_PREFIX_HEADER = YES;
				GCC_PREFIX_HEADER = "TableViewCustom/TableViewCustom-Prefix.pch";
				GCC_PREPROCESSOR_DEFINITIONS = (
					"DEBUG=1",
					"$(inherited)",
				);
				INFOPLIST_FILE = "TableViewCustomTests/TableViewCustomTests-Info.plist";
				PRODUCT_NAME = "$(TARGET_NAME)";
				TEST_HOST = "$(BUNDLE_LOADER)";
				WRAPPER_EXTENSION = xctest;
			};
			name = Debug;
		};
		529363B01839D9C800811590 /* Release */ = {
			isa = XCBuildConfiguration;
			buildSettings = {
				ARCHS = "$(ARCHS_STANDARD_INCLUDING_64_BIT)";
				BUNDLE_LOADER = "$(BUILT_PRODUCTS_DIR)/TableViewCustom.app/TableViewCustom";
				FRAMEWORK_SEARCH_PATHS = (
					"$(SDKROOT)/Developer/Library/Frameworks",
					"$(inherited)",
					"$(DEVELOPER_FRAMEWORKS_DIR)",
				);
				GCC_PRECOMPILE_PREFIX_HEADER = YES;
				GCC_PREFIX_HEADER = "TableViewCustom/TableViewCustom-Prefix.pch";
				INFOPLIST_FILE = "TableViewCustomTests/TableViewCustomTests-Info.plist";
				PRODUCT_NAME = "$(TARGET_NAME)";
				TEST_HOST = "$(BUNDLE_LOADER)";
				WRAPPER_EXTENSION = xctest;
			};
			name = Release;
		};
/* End XCBuildConfiguration section */

/* Begin XCConfigurationList section */
		529363741839D9C700811590 /* Build configuration list for PBXProject "TableViewCustom" */ = {
			isa = XCConfigurationList;
			buildConfigurations = (
				529363A91839D9C800811590 /* Debug */,
				529363AA1839D9C800811590 /* Release */,
			);
			defaultConfigurationIsVisible = 0;
			defaultConfigurationName = Release;
		};
		529363AB1839D9C800811590 /* Build configuration list for PBXNativeTarget "TableViewCustom" */ = {
			isa = XCConfigurationList;
			buildConfigurations = (
				529363AC1839D9C800811590 /* Debug */,
				529363AD1839D9C800811590 /* Release */,
			);
			defaultConfigurationIsVisible = 0;
			defaultConfigurationName = Release;
		};
		529363AE1839D9C800811590 /* Build configuration list for PBXNativeTarget "TableViewCustomTests" */ = {
			isa = XCConfigurationList;
			buildConfigurations = (
				529363AF1839D9C800811590 /* Debug */,
				529363B01839D9C800811590 /* Release */,
			);
			defaultConfigurationIsVisible = 0;
			defaultConfigurationName = Release;
		};
/* End XCConfigurationList section */
	};
	rootObject = 529363711839D9C700811590 /* Project object */;
}
